
Microsoft Visual Studio Solution File, Format Version 12.00
# Visual Studio 14
VisualStudioVersion = 14.0.25123.0
MinimumVisualStudioVersion = 10.0.40219.1
Project("{FAE04EC0-301F-11D3-BF4B-00C04F79EFBC}") = "Stardust.Nucleus", "Stardust.Nucleus\Stardust.Nucleus.csproj", "{4FB08500-4619-4D44-999C-D45071C2CDBB}"
EndProject
Project("{2150E333-8FDC-42A3-9474-1A3956D46DE8}") = "Dependencies", "Dependencies", "{AA83B05C-EFCE-489B-8869-850C7E9E107B}"
	ProjectSection(SolutionItems) = preProject
		Dependencies\Excel.4.5.dll = Dependencies\Excel.4.5.dll
	EndProjectSection
EndProject
Project("{FAE04EC0-301F-11D3-BF4B-00C04F79EFBC}") = "Stardust.Nucleus.Tests", "Stardust.Nucleus.Tests\Stardust.Nucleus.Tests.csproj", "{99B524AD-0EE1-4697-85A9-0407EA3B8C55}"
EndProject
Global
	GlobalSection(SolutionConfigurationPlatforms) = preSolution
		AzureDeployment|Any CPU = AzureDeployment|Any CPU
		Debug|Any CPU = Debug|Any CPU
		Release|Any CPU = Release|Any CPU
	EndGlobalSection
	GlobalSection(ProjectConfigurationPlatforms) = postSolution
		{4FB08500-4619-4D44-999C-D45071C2CDBB}.AzureDeployment|Any CPU.ActiveCfg = Release|Any CPU
		{4FB08500-4619-4D44-999C-D45071C2CDBB}.AzureDeployment|Any CPU.Build.0 = Release|Any CPU
		{4FB08500-4619-4D44-999C-D45071C2CDBB}.Debug|Any CPU.ActiveCfg = Debug|Any CPU
		{4FB08500-4619-4D44-999C-D45071C2CDBB}.Debug|Any CPU.Build.0 = Debug|Any CPU
		{4FB08500-4619-4D44-999C-D45071C2CDBB}.Release|Any CPU.ActiveCfg = Release|Any CPU
		{4FB08500-4619-4D44-999C-D45071C2CDBB}.Release|Any CPU.Build.0 = Release|Any CPU
		{99B524AD-0EE1-4697-85A9-0407EA3B8C55}.AzureDeployment|Any CPU.ActiveCfg = Release|Any CPU
		{99B524AD-0EE1-4697-85A9-0407EA3B8C55}.AzureDeployment|Any CPU.Build.0 = Release|Any CPU
		{99B524AD-0EE1-4697-85A9-0407EA3B8C55}.Debug|Any CPU.ActiveCfg = Debug|Any CPU
		{99B524AD-0EE1-4697-85A9-0407EA3B8C55}.Debug|Any CPU.Build.0 = Debug|Any CPU
		{99B524AD-0EE1-4697-85A9-0407EA3B8C55}.Release|Any CPU.ActiveCfg = Release|Any CPU
		{99B524AD-0EE1-4697-85A9-0407EA3B8C55}.Release|Any CPU.Build.0 = Release|Any CPU
	EndGlobalSection
	GlobalSection(SolutionProperties) = preSolution
		HideSolutionNode = FALSE
	EndGlobalSection
EndGlobal
