
Microsoft Visual Studio Solution File, Format Version 12.00
# Visual Studio 14
VisualStudioVersion = 14.0.25420.1
MinimumVisualStudioVersion = 10.0.40219.1
Project("{FAE04EC0-301F-11D3-BF4B-00C04F79EFBC}") = "Stardust.Nucleus", "Stardust.Nucleus\Stardust.Nucleus.csproj", "{4FB08500-4619-4D44-999C-D45071C2CDBB}"
EndProject
Project("{2150E333-8FDC-42A3-9474-1A3956D46DE8}") = "Dependencies", "Dependencies", "{AA83B05C-EFCE-489B-8869-850C7E9E107B}"
	ProjectSection(SolutionItems) = preProject
		Dependencies\Excel.4.5.dll = Dependencies\Excel.4.5.dll
	EndProjectSection
EndProject
Project("{FAE04EC0-301F-11D3-BF4B-00C04F79EFBC}") = "Stardust.Nucleus.Tests", "Stardust.Nucleus.Tests\Stardust.Nucleus.Tests.csproj", "{99B524AD-0EE1-4697-85A9-0407EA3B8C55}"
EndProject
Project("{FAE04EC0-301F-11D3-BF4B-00C04F79EFBC}") = "Stardust.Nucleus.Web", "Stardust.Nucleus.Web\Stardust.Nucleus.Web.csproj", "{AC696E78-EB0E-48FF-A898-35DE9812725A}"
EndProject
Project("{FAE04EC0-301F-11D3-BF4B-00C04F79EFBC}") = "Stardust.Particles", "Stardust.Particles\Stardust.Particles.csproj", "{875C5954-48D1-4382-82E6-9316C30B43A4}"
EndProject
Project("{FAE04EC0-301F-11D3-BF4B-00C04F79EFBC}") = "Stardust.Clusters", "Stardust.Clusters\Stardust.Clusters.csproj", "{1F515ABE-A381-44E2-AA22-2D2588F7301A}"
EndProject
Project("{FAE04EC0-301F-11D3-BF4B-00C04F79EFBC}") = "Stardust.Interstellar.Trace", "Stardust.Interstellar.Trace\Stardust.Interstellar.Trace.csproj", "{E8577FA2-3F56-4CC9-BF18-A0B89F7113D5}"
EndProject
Project("{FAE04EC0-301F-11D3-BF4B-00C04F79EFBC}") = "Stardust.WebTest", "Stardust.WebTest\Stardust.WebTest.csproj", "{9C9FA7B4-1FAB-4BD8-9119-B11FB9F432E2}"
EndProject
Project("{FAE04EC0-301F-11D3-BF4B-00C04F79EFBC}") = "nugetTest", "nugetTest\nugetTest.csproj", "{5387F4E4-9176-418C-A2AE-B4E9E587585D}"
EndProject
Project("{2150E333-8FDC-42A3-9474-1A3956D46DE8}") = "Documetation", "Documetation", "{A2355415-39EB-4C15-A028-4D33FE2F9836}"
	ProjectSection(SolutionItems) = preProject
		README.md = README.md
	EndProjectSection
EndProject
Global
	GlobalSection(SolutionConfigurationPlatforms) = preSolution
		AzureDeployment|Any CPU = AzureDeployment|Any CPU
		Debug|Any CPU = Debug|Any CPU
		Release|Any CPU = Release|Any CPU
	EndGlobalSection
	GlobalSection(ProjectConfigurationPlatforms) = postSolution
		{4FB08500-4619-4D44-999C-D45071C2CDBB}.AzureDeployment|Any CPU.ActiveCfg = Release|Any CPU
		{4FB08500-4619-4D44-999C-D45071C2CDBB}.AzureDeployment|Any CPU.Build.0 = Release|Any CPU
		{4FB08500-4619-4D44-999C-D45071C2CDBB}.Debug|Any CPU.ActiveCfg = Debug|Any CPU
		{4FB08500-4619-4D44-999C-D45071C2CDBB}.Debug|Any CPU.Build.0 = Debug|Any CPU
		{4FB08500-4619-4D44-999C-D45071C2CDBB}.Release|Any CPU.ActiveCfg = Release|Any CPU
		{4FB08500-4619-4D44-999C-D45071C2CDBB}.Release|Any CPU.Build.0 = Release|Any CPU
		{99B524AD-0EE1-4697-85A9-0407EA3B8C55}.AzureDeployment|Any CPU.ActiveCfg = Release|Any CPU
		{99B524AD-0EE1-4697-85A9-0407EA3B8C55}.AzureDeployment|Any CPU.Build.0 = Release|Any CPU
		{99B524AD-0EE1-4697-85A9-0407EA3B8C55}.Debug|Any CPU.ActiveCfg = Debug|Any CPU
		{99B524AD-0EE1-4697-85A9-0407EA3B8C55}.Debug|Any CPU.Build.0 = Debug|Any CPU
		{99B524AD-0EE1-4697-85A9-0407EA3B8C55}.Release|Any CPU.ActiveCfg = Release|Any CPU
		{99B524AD-0EE1-4697-85A9-0407EA3B8C55}.Release|Any CPU.Build.0 = Release|Any CPU
		{AC696E78-EB0E-48FF-A898-35DE9812725A}.AzureDeployment|Any CPU.ActiveCfg = Release|Any CPU
		{AC696E78-EB0E-48FF-A898-35DE9812725A}.AzureDeployment|Any CPU.Build.0 = Release|Any CPU
		{AC696E78-EB0E-48FF-A898-35DE9812725A}.Debug|Any CPU.ActiveCfg = Debug|Any CPU
		{AC696E78-EB0E-48FF-A898-35DE9812725A}.Debug|Any CPU.Build.0 = Debug|Any CPU
		{AC696E78-EB0E-48FF-A898-35DE9812725A}.Release|Any CPU.ActiveCfg = Release|Any CPU
		{AC696E78-EB0E-48FF-A898-35DE9812725A}.Release|Any CPU.Build.0 = Release|Any CPU
		{875C5954-48D1-4382-82E6-9316C30B43A4}.AzureDeployment|Any CPU.ActiveCfg = Release|Any CPU
		{875C5954-48D1-4382-82E6-9316C30B43A4}.AzureDeployment|Any CPU.Build.0 = Release|Any CPU
		{875C5954-48D1-4382-82E6-9316C30B43A4}.Debug|Any CPU.ActiveCfg = Debug|Any CPU
		{875C5954-48D1-4382-82E6-9316C30B43A4}.Debug|Any CPU.Build.0 = Debug|Any CPU
		{875C5954-48D1-4382-82E6-9316C30B43A4}.Release|Any CPU.ActiveCfg = Release|Any CPU
		{875C5954-48D1-4382-82E6-9316C30B43A4}.Release|Any CPU.Build.0 = Release|Any CPU
		{1F515ABE-A381-44E2-AA22-2D2588F7301A}.AzureDeployment|Any CPU.ActiveCfg = Release|Any CPU
		{1F515ABE-A381-44E2-AA22-2D2588F7301A}.AzureDeployment|Any CPU.Build.0 = Release|Any CPU
		{1F515ABE-A381-44E2-AA22-2D2588F7301A}.Debug|Any CPU.ActiveCfg = Debug|Any CPU
		{1F515ABE-A381-44E2-AA22-2D2588F7301A}.Debug|Any CPU.Build.0 = Debug|Any CPU
		{1F515ABE-A381-44E2-AA22-2D2588F7301A}.Release|Any CPU.ActiveCfg = Release|Any CPU
		{1F515ABE-A381-44E2-AA22-2D2588F7301A}.Release|Any CPU.Build.0 = Release|Any CPU
		{E8577FA2-3F56-4CC9-BF18-A0B89F7113D5}.AzureDeployment|Any CPU.ActiveCfg = Release|Any CPU
		{E8577FA2-3F56-4CC9-BF18-A0B89F7113D5}.AzureDeployment|Any CPU.Build.0 = Release|Any CPU
		{E8577FA2-3F56-4CC9-BF18-A0B89F7113D5}.Debug|Any CPU.ActiveCfg = Debug|Any CPU
		{E8577FA2-3F56-4CC9-BF18-A0B89F7113D5}.Debug|Any CPU.Build.0 = Debug|Any CPU
		{E8577FA2-3F56-4CC9-BF18-A0B89F7113D5}.Release|Any CPU.ActiveCfg = Release|Any CPU
		{E8577FA2-3F56-4CC9-BF18-A0B89F7113D5}.Release|Any CPU.Build.0 = Release|Any CPU
		{9C9FA7B4-1FAB-4BD8-9119-B11FB9F432E2}.AzureDeployment|Any CPU.ActiveCfg = Release|Any CPU
		{9C9FA7B4-1FAB-4BD8-9119-B11FB9F432E2}.AzureDeployment|Any CPU.Build.0 = Release|Any CPU
		{9C9FA7B4-1FAB-4BD8-9119-B11FB9F432E2}.Debug|Any CPU.ActiveCfg = Debug|Any CPU
		{9C9FA7B4-1FAB-4BD8-9119-B11FB9F432E2}.Debug|Any CPU.Build.0 = Debug|Any CPU
		{9C9FA7B4-1FAB-4BD8-9119-B11FB9F432E2}.Release|Any CPU.ActiveCfg = Release|Any CPU
		{9C9FA7B4-1FAB-4BD8-9119-B11FB9F432E2}.Release|Any CPU.Build.0 = Release|Any CPU
		{5387F4E4-9176-418C-A2AE-B4E9E587585D}.AzureDeployment|Any CPU.ActiveCfg = Release|Any CPU
		{5387F4E4-9176-418C-A2AE-B4E9E587585D}.AzureDeployment|Any CPU.Build.0 = Release|Any CPU
		{5387F4E4-9176-418C-A2AE-B4E9E587585D}.Debug|Any CPU.ActiveCfg = Debug|Any CPU
		{5387F4E4-9176-418C-A2AE-B4E9E587585D}.Debug|Any CPU.Build.0 = Debug|Any CPU
		{5387F4E4-9176-418C-A2AE-B4E9E587585D}.Release|Any CPU.ActiveCfg = Release|Any CPU
		{5387F4E4-9176-418C-A2AE-B4E9E587585D}.Release|Any CPU.Build.0 = Release|Any CPU
	EndGlobalSection
	GlobalSection(SolutionProperties) = preSolution
		HideSolutionNode = FALSE
	EndGlobalSection
EndGlobal
